
Microsoft Visual Studio Solution File, Format Version 11.00
# Visual Studio 2010
Project("{FAE04EC0-301F-11D3-BF4B-00C04F79EFBC}") = "GunRunPlaymode", "GunRunPlaymode.csproj", "{805e796c-c8a2-c04a-1a01-5f04f88abfc5}"
EndProject
Project("{FAE04EC0-301F-11D3-BF4B-00C04F79EFBC}") = "GunRunPlayTests", "GunRunPlayTests.csproj", "{1b96a5ca-1445-1545-fe95-558e72dfeabb}"
EndProject
Project("{FAE04EC0-301F-11D3-BF4B-00C04F79EFBC}") = "EditorAssembly", "EditorAssembly.csproj", "{c2bc8df3-42ce-397a-b63c-8b6f288966e9}"
EndProject
Global
	GlobalSection(SolutionConfigurationPlatforms) = preSolution
		Debug|Any CPU = Debug|Any CPU
	EndGlobalSection
	GlobalSection(ProjectConfigurationPlatforms) = postSolution
		{805e796c-c8a2-c04a-1a01-5f04f88abfc5}.Debug|Any CPU.ActiveCfg = Debug|Any CPU
		{805e796c-c8a2-c04a-1a01-5f04f88abfc5}.Debug|Any CPU.Build.0 = Debug|Any CPU
		{1b96a5ca-1445-1545-fe95-558e72dfeabb}.Debug|Any CPU.ActiveCfg = Debug|Any CPU
		{1b96a5ca-1445-1545-fe95-558e72dfeabb}.Debug|Any CPU.Build.0 = Debug|Any CPU
		{c2bc8df3-42ce-397a-b63c-8b6f288966e9}.Debug|Any CPU.ActiveCfg = Debug|Any CPU
		{c2bc8df3-42ce-397a-b63c-8b6f288966e9}.Debug|Any CPU.Build.0 = Debug|Any CPU
	EndGlobalSection
	GlobalSection(SolutionProperties) = preSolution
		HideSolutionNode = FALSE
	EndGlobalSection
EndGlobal
